
Microsoft Visual Studio Solution File, Format Version 12.00
# Visual Studio Version 17
VisualStudioVersion = 17.10.35122.118
MinimumVisualStudioVersion = 10.0.40219.1
Project("{FAE04EC0-301F-11D3-BF4B-00C04F79EFBC}") = "innertiger", "innertiger.csproj", "{35ECCC94-CB11-4559-83C7-CA754B935FCC}"
EndProject
Global
	GlobalSection(SolutionConfigurationPlatforms) = preSolution
		Debug|Any CPU = Debug|Any CPU
		Release|Any CPU = Release|Any CPU
	EndGlobalSection
	GlobalSection(ProjectConfigurationPlatforms) = postSolution
		{35ECCC94-CB11-4559-83C7-CA754B935FCC}.Debug|Any CPU.ActiveCfg = Debug|Any CPU
		{35ECCC94-CB11-4559-83C7-CA754B935FCC}.Debug|Any CPU.Build.0 = Debug|Any CPU
		{35ECCC94-CB11-4559-83C7-CA754B935FCC}.Release|Any CPU.ActiveCfg = Release|Any CPU
		{35ECCC94-CB11-4559-83C7-CA754B935FCC}.Release|Any CPU.Build.0 = Release|Any CPU
	EndGlobalSection
	GlobalSection(SolutionProperties) = preSolution
		HideSolutionNode = FALSE
	EndGlobalSection
	GlobalSection(ExtensibilityGlobals) = postSolution
		SolutionGuid = {0666EC8F-4A93-4285-B87F-7AF5756764B5}
	EndGlobalSection
EndGlobal
